
Microsoft Visual Studio Solution File, Format Version 12.00
Project("{FAE04EC0-301F-11D3-BF4B-00C04F79EFBC}") = "Csharp-Learnings", "Csharp-Learnings\Csharp-Learnings.csproj", "{BCB762AC-74E4-4329-8A4A-5C97FC878926}"
EndProject
Global
	GlobalSection(SolutionConfigurationPlatforms) = preSolution
		Debug|Any CPU = Debug|Any CPU
		Release|Any CPU = Release|Any CPU
	EndGlobalSection
	GlobalSection(ProjectConfigurationPlatforms) = postSolution
		{BCB762AC-74E4-4329-8A4A-5C97FC878926}.Debug|Any CPU.ActiveCfg = Debug|Any CPU
		{BCB762AC-74E4-4329-8A4A-5C97FC878926}.Debug|Any CPU.Build.0 = Debug|Any CPU
		{BCB762AC-74E4-4329-8A4A-5C97FC878926}.Release|Any CPU.ActiveCfg = Release|Any CPU
		{BCB762AC-74E4-4329-8A4A-5C97FC878926}.Release|Any CPU.Build.0 = Release|Any CPU
	EndGlobalSection
EndGlobal
